// !$*UTF8*$!
{
	archiveVersion = 1;
	classes = {
	};
	objectVersion = 46;
	objects = {

/* Begin PBXBuildFile section */
		1064EC4B7E064BD9AEFD8CC6 /* libPods-ReadHealthKit.a in Frameworks */ = {isa = PBXBuildFile; fileRef = 51F18987687A40A4941A8507 /* libPods-ReadHealthKit.a */; };
		17B5CB117FCDA10B293D7F96 /* HealthDataTableViewController.m in Sources */ = {isa = PBXBuildFile; fileRef = 17B5C94DC88D28BAE7281AC3 /* HealthDataTableViewController.m */; };
		17B5CC55C2D4719B332A1B2F /* DataStoreManager.m in Sources */ = {isa = PBXBuildFile; fileRef = 17B5CA59027A633B64E2811A /* DataStoreManager.m */; };
		17B5CCE170F233D3EC3D3FD4 /* HealthDataTableViewModel.m in Sources */ = {isa = PBXBuildFile; fileRef = 17B5C5FF132EAE6B950C6DD9 /* HealthDataTableViewModel.m */; };
		730ECA9C196CD097008F09E7 /* main.m in Sources */ = {isa = PBXBuildFile; fileRef = 730ECA9B196CD097008F09E7 /* main.m */; };
		730ECA9F196CD097008F09E7 /* AppDelegate.m in Sources */ = {isa = PBXBuildFile; fileRef = 730ECA9E196CD097008F09E7 /* AppDelegate.m */; };
		730ECAA8196CD097008F09E7 /* Main.storyboard in Resources */ = {isa = PBXBuildFile; fileRef = 730ECAA6196CD097008F09E7 /* Main.storyboard */; };
		730ECAAA196CD097008F09E7 /* Images.xcassets in Resources */ = {isa = PBXBuildFile; fileRef = 730ECAA9196CD097008F09E7 /* Images.xcassets */; };
		730ECAB6196CD097008F09E7 /* ReadHealthKitTests.m in Sources */ = {isa = PBXBuildFile; fileRef = 730ECAB5196CD097008F09E7 /* ReadHealthKitTests.m */; };
		730ECAC5196CD867008F09E7 /* HealthKit.framework in Frameworks */ = {isa = PBXBuildFile; fileRef = 730ECAC4196CD867008F09E7 /* HealthKit.framework */; };
/* End PBXBuildFile section */

/* Begin PBXContainerItemProxy section */
		730ECAB0196CD097008F09E7 /* PBXContainerItemProxy */ = {
			isa = PBXContainerItemProxy;
			containerPortal = 730ECA8E196CD097008F09E7 /* Project object */;
			proxyType = 1;
			remoteGlobalIDString = 730ECA95196CD097008F09E7;
			remoteInfo = ReadHealthKit;
		};
/* End PBXContainerItemProxy section */

/* Begin PBXFileReference section */
		17B5C02B432A2014E1ECE59C /* DataStoreManager.h */ = {isa = PBXFileReference; fileEncoding = 4; lastKnownFileType = sourcecode.c.h; path = DataStoreManager.h; sourceTree = "<group>"; };
		17B5C2772760B9A68D1DB33F /* HealthDataTableViewModel.h */ = {isa = PBXFileReference; fileEncoding = 4; lastKnownFileType = sourcecode.c.h; path = HealthDataTableViewModel.h; sourceTree = "<group>"; };
		17B5C5FF132EAE6B950C6DD9 /* HealthDataTableViewModel.m */ = {isa = PBXFileReference; fileEncoding = 4; lastKnownFileType = sourcecode.c.objc; path = HealthDataTableViewModel.m; sourceTree = "<group>"; };
		17B5C94DC88D28BAE7281AC3 /* HealthDataTableViewController.m */ = {isa = PBXFileReference; fileEncoding = 4; lastKnownFileType = sourcecode.c.objc; path = HealthDataTableViewController.m; sourceTree = "<group>"; };
		17B5CA59027A633B64E2811A /* DataStoreManager.m */ = {isa = PBXFileReference; fileEncoding = 4; lastKnownFileType = sourcecode.c.objc; path = DataStoreManager.m; sourceTree = "<group>"; };
		17B5CA6AA860F929F4CCC986 /* ReadHealthKit.entitlements */ = {isa = PBXFileReference; lastKnownFileType = file.entitlements; path = ReadHealthKit.entitlements; sourceTree = "<group>"; };
		17B5CE1BB2F3513021F04090 /* HealthDataTableViewController.h */ = {isa = PBXFileReference; fileEncoding = 4; lastKnownFileType = sourcecode.c.h; path = HealthDataTableViewController.h; sourceTree = "<group>"; };
		17B5CE5226182EB42801CAEE /* README.md */ = {isa = PBXFileReference; lastKnownFileType = file.md; path = README.md; sourceTree = "<group>"; };
		51F18987687A40A4941A8507 /* libPods-ReadHealthKit.a */ = {isa = PBXFileReference; explicitFileType = archive.ar; includeInIndex = 0; path = "libPods-ReadHealthKit.a"; sourceTree = BUILT_PRODUCTS_DIR; };
		5520B19D7A9A4E6EA45C440A /* Pods-ReadHealthKit.xcconfig */ = {isa = PBXFileReference; includeInIndex = 1; lastKnownFileType = text.xcconfig; name = "Pods-ReadHealthKit.xcconfig"; path = "Pods/Pods-ReadHealthKit.xcconfig"; sourceTree = "<group>"; };
		730ECA96196CD097008F09E7 /* ReadHealthKit.app */ = {isa = PBXFileReference; explicitFileType = wrapper.application; includeInIndex = 0; path = ReadHealthKit.app; sourceTree = BUILT_PRODUCTS_DIR; };
		730ECA9A196CD097008F09E7 /* Info.plist */ = {isa = PBXFileReference; lastKnownFileType = text.plist.xml; path = Info.plist; sourceTree = "<group>"; };
		730ECA9B196CD097008F09E7 /* main.m */ = {isa = PBXFileReference; lastKnownFileType = sourcecode.c.objc; path = main.m; sourceTree = "<group>"; };
		730ECA9D196CD097008F09E7 /* AppDelegate.h */ = {isa = PBXFileReference; lastKnownFileType = sourcecode.c.h; path = AppDelegate.h; sourceTree = "<group>"; };
		730ECA9E196CD097008F09E7 /* AppDelegate.m */ = {isa = PBXFileReference; lastKnownFileType = sourcecode.c.objc; path = AppDelegate.m; sourceTree = "<group>"; };
		730ECAA7196CD097008F09E7 /* Base */ = {isa = PBXFileReference; lastKnownFileType = file.storyboard; name = Base; path = Base.lproj/Main.storyboard; sourceTree = "<group>"; };
		730ECAA9196CD097008F09E7 /* Images.xcassets */ = {isa = PBXFileReference; lastKnownFileType = folder.assetcatalog; path = Images.xcassets; sourceTree = "<group>"; };
		730ECAAF196CD097008F09E7 /* ReadHealthKitTests.xctest */ = {isa = PBXFileReference; explicitFileType = wrapper.cfbundle; includeInIndex = 0; path = ReadHealthKitTests.xctest; sourceTree = BUILT_PRODUCTS_DIR; };
		730ECAB4196CD097008F09E7 /* Info.plist */ = {isa = PBXFileReference; lastKnownFileType = text.plist.xml; path = Info.plist; sourceTree = "<group>"; };
		730ECAB5196CD097008F09E7 /* ReadHealthKitTests.m */ = {isa = PBXFileReference; lastKnownFileType = sourcecode.c.objc; path = ReadHealthKitTests.m; sourceTree = "<group>"; };
		730ECAC4196CD867008F09E7 /* HealthKit.framework */ = {isa = PBXFileReference; lastKnownFileType = wrapper.framework; name = HealthKit.framework; path = System/Library/Frameworks/HealthKit.framework; sourceTree = SDKROOT; };
/* End PBXFileReference section */

/* Begin PBXFrameworksBuildPhase section */
		730ECA93196CD097008F09E7 /* Frameworks */ = {
			isa = PBXFrameworksBuildPhase;
			buildActionMask = 2147483647;
			files = (
				1064EC4B7E064BD9AEFD8CC6 /* libPods-ReadHealthKit.a in Frameworks */,
				730ECAC5196CD867008F09E7 /* HealthKit.framework in Frameworks */,
			);
			runOnlyForDeploymentPostprocessing = 0;
		};
		730ECAAC196CD097008F09E7 /* Frameworks */ = {
			isa = PBXFrameworksBuildPhase;
			buildActionMask = 2147483647;
			files = (
			);
			runOnlyForDeploymentPostprocessing = 0;
		};
/* End PBXFrameworksBuildPhase section */

/* Begin PBXGroup section */
		730ECA8D196CD097008F09E7 = {
			isa = PBXGroup;
			children = (
				730ECA98196CD097008F09E7 /* ReadHealthKit */,
				730ECAB2196CD097008F09E7 /* ReadHealthKitTests */,
				730ECA97196CD097008F09E7 /* Products */,
				5520B19D7A9A4E6EA45C440A /* Pods-ReadHealthKit.xcconfig */,
				891F1309021245668A58FD49 /* Frameworks */,
				17B5CE5226182EB42801CAEE /* README.md */,
			);
			sourceTree = "<group>";
		};
		730ECA97196CD097008F09E7 /* Products */ = {
			isa = PBXGroup;
			children = (
				730ECA96196CD097008F09E7 /* ReadHealthKit.app */,
				730ECAAF196CD097008F09E7 /* ReadHealthKitTests.xctest */,
			);
			name = Products;
			sourceTree = "<group>";
		};
		730ECA98196CD097008F09E7 /* ReadHealthKit */ = {
			isa = PBXGroup;
			children = (
				730ECA9D196CD097008F09E7 /* AppDelegate.h */,
				730ECA9E196CD097008F09E7 /* AppDelegate.m */,
				730ECAA6196CD097008F09E7 /* Main.storyboard */,
				730ECAA9196CD097008F09E7 /* Images.xcassets */,
				730ECA99196CD097008F09E7 /* Supporting Files */,
				17B5C94DC88D28BAE7281AC3 /* HealthDataTableViewController.m */,
				17B5CE1BB2F3513021F04090 /* HealthDataTableViewController.h */,
				17B5C5FF132EAE6B950C6DD9 /* HealthDataTableViewModel.m */,
				17B5C2772760B9A68D1DB33F /* HealthDataTableViewModel.h */,
				17B5C02B432A2014E1ECE59C /* DataStoreManager.h */,
				17B5CA59027A633B64E2811A /* DataStoreManager.m */,
			);
			path = ReadHealthKit;
			sourceTree = "<group>";
		};
		730ECA99196CD097008F09E7 /* Supporting Files */ = {
			isa = PBXGroup;
			children = (
				730ECA9A196CD097008F09E7 /* Info.plist */,
				730ECA9B196CD097008F09E7 /* main.m */,
			);
			name = "Supporting Files";
			sourceTree = "<group>";
		};
		730ECAB2196CD097008F09E7 /* ReadHealthKitTests */ = {
			isa = PBXGroup;
			children = (
				730ECAB5196CD097008F09E7 /* ReadHealthKitTests.m */,
				730ECAB3196CD097008F09E7 /* Supporting Files */,
				17B5CA6AA860F929F4CCC986 /* ReadHealthKit.entitlements */,
			);
			path = ReadHealthKitTests;
			sourceTree = "<group>";
		};
		730ECAB3196CD097008F09E7 /* Supporting Files */ = {
			isa = PBXGroup;
			children = (
				730ECAB4196CD097008F09E7 /* Info.plist */,
			);
			name = "Supporting Files";
			sourceTree = "<group>";
		};
		891F1309021245668A58FD49 /* Frameworks */ = {
			isa = PBXGroup;
			children = (
				730ECAC4196CD867008F09E7 /* HealthKit.framework */,
				51F18987687A40A4941A8507 /* libPods-ReadHealthKit.a */,
			);
			name = Frameworks;
			sourceTree = "<group>";
		};
/* End PBXGroup section */

/* Begin PBXNativeTarget section */
		730ECA95196CD097008F09E7 /* ReadHealthKit */ = {
			isa = PBXNativeTarget;
			buildConfigurationList = 730ECAB9196CD097008F09E7 /* Build configuration list for PBXNativeTarget "ReadHealthKit" */;
			buildPhases = (
				E0F6A38C1C7242B4980808AF /* Check Pods Manifest.lock */,
				730ECA92196CD097008F09E7 /* Sources */,
				730ECA93196CD097008F09E7 /* Frameworks */,
				730ECA94196CD097008F09E7 /* Resources */,
				A58394A2EA604228B863CC48 /* Copy Pods Resources */,
			);
			buildRules = (
			);
			dependencies = (
			);
			name = ReadHealthKit;
			productName = ReadHealthKit;
			productReference = 730ECA96196CD097008F09E7 /* ReadHealthKit.app */;
			productType = "com.apple.product-type.application";
		};
		730ECAAE196CD097008F09E7 /* ReadHealthKitTests */ = {
			isa = PBXNativeTarget;
			buildConfigurationList = 730ECABC196CD097008F09E7 /* Build configuration list for PBXNativeTarget "ReadHealthKitTests" */;
			buildPhases = (
				730ECAAB196CD097008F09E7 /* Sources */,
				730ECAAC196CD097008F09E7 /* Frameworks */,
				730ECAAD196CD097008F09E7 /* Resources */,
			);
			buildRules = (
			);
			dependencies = (
				730ECAB1196CD097008F09E7 /* PBXTargetDependency */,
			);
			name = ReadHealthKitTests;
			productName = ReadHealthKitTests;
			productReference = 730ECAAF196CD097008F09E7 /* ReadHealthKitTests.xctest */;
			productType = "com.apple.product-type.bundle.unit-test";
		};
/* End PBXNativeTarget section */

/* Begin PBXProject section */
		730ECA8E196CD097008F09E7 /* Project object */ = {
			isa = PBXProject;
			attributes = {
				LastUpgradeCheck = 0600;
				ORGANIZATIONNAME = azu;
				TargetAttributes = {
					730ECA95196CD097008F09E7 = {
						CreatedOnToolsVersion = 6.0;
						DevelopmentTeam = 667RSF8RJ3;
						SystemCapabilities = {
							com.apple.HealthKit = {
								enabled = 1;
							};
						};
					};
					730ECAAE196CD097008F09E7 = {
						CreatedOnToolsVersion = 6.0;
						TestTargetID = 730ECA95196CD097008F09E7;
					};
				};
			};
			buildConfigurationList = 730ECA91196CD097008F09E7 /* Build configuration list for PBXProject "ReadHealthKit" */;
			compatibilityVersion = "Xcode 3.2";
			developmentRegion = English;
			hasScannedForEncodings = 0;
			knownRegions = (
				en,
				Base,
			);
			mainGroup = 730ECA8D196CD097008F09E7;
			productRefGroup = 730ECA97196CD097008F09E7 /* Products */;
			projectDirPath = "";
			projectRoot = "";
			targets = (
				730ECA95196CD097008F09E7 /* ReadHealthKit */,
				730ECAAE196CD097008F09E7 /* ReadHealthKitTests */,
			);
		};
/* End PBXProject section */

/* Begin PBXResourcesBuildPhase section */
		730ECA94196CD097008F09E7 /* Resources */ = {
			isa = PBXResourcesBuildPhase;
			buildActionMask = 2147483647;
			files = (
				730ECAA8196CD097008F09E7 /* Main.storyboard in Resources */,
				730ECAAA196CD097008F09E7 /* Images.xcassets in Resources */,
			);
			runOnlyForDeploymentPostprocessing = 0;
		};
		730ECAAD196CD097008F09E7 /* Resources */ = {
			isa = PBXResourcesBuildPhase;
			buildActionMask = 2147483647;
			files = (
			);
			runOnlyForDeploymentPostprocessing = 0;
		};
/* End PBXResourcesBuildPhase section */

/* Begin PBXShellScriptBuildPhase section */
		A58394A2EA604228B863CC48 /* Copy Pods Resources */ = {
			isa = PBXShellScriptBuildPhase;
			buildActionMask = 2147483647;
			files = (
			);
			inputPaths = (
			);
			name = "Copy Pods Resources";
			outputPaths = (
			);
			runOnlyForDeploymentPostprocessing = 0;
			shellPath = /bin/sh;
			shellScript = "\"${SRCROOT}/Pods/Pods-ReadHealthKit-resources.sh\"\n";
			showEnvVarsInLog = 0;
		};
		E0F6A38C1C7242B4980808AF /* Check Pods Manifest.lock */ = {
			isa = PBXShellScriptBuildPhase;
			buildActionMask = 2147483647;
			files = (
			);
			inputPaths = (
			);
			name = "Check Pods Manifest.lock";
			outputPaths = (
			);
			runOnlyForDeploymentPostprocessing = 0;
			shellPath = /bin/sh;
			shellScript = "diff \"${PODS_ROOT}/../Podfile.lock\" \"${PODS_ROOT}/Manifest.lock\" > /dev/null\nif [[ $? != 0 ]] ; then\n    cat << EOM\nerror: The sandbox is not in sync with the Podfile.lock. Run 'pod install' or update your CocoaPods installation.\nEOM\n    exit 1\nfi\n";
			showEnvVarsInLog = 0;
		};
/* End PBXShellScriptBuildPhase section */

/* Begin PBXSourcesBuildPhase section */
		730ECA92196CD097008F09E7 /* Sources */ = {
			isa = PBXSourcesBuildPhase;
			buildActionMask = 2147483647;
			files = (
				730ECA9F196CD097008F09E7 /* AppDelegate.m in Sources */,
				730ECA9C196CD097008F09E7 /* main.m in Sources */,
				17B5CB117FCDA10B293D7F96 /* HealthDataTableViewController.m in Sources */,
				17B5CCE170F233D3EC3D3FD4 /* HealthDataTableViewModel.m in Sources */,
				17B5CC55C2D4719B332A1B2F /* DataStoreManager.m in Sources */,
			);
			runOnlyForDeploymentPostprocessing = 0;
		};
		730ECAAB196CD097008F09E7 /* Sources */ = {
			isa = PBXSourcesBuildPhase;
			buildActionMask = 2147483647;
			files = (
				730ECAB6196CD097008F09E7 /* ReadHealthKitTests.m in Sources */,
			);
			runOnlyForDeploymentPostprocessing = 0;
		};
/* End PBXSourcesBuildPhase section */

/* Begin PBXTargetDependency section */
		730ECAB1196CD097008F09E7 /* PBXTargetDependency */ = {
			isa = PBXTargetDependency;
			target = 730ECA95196CD097008F09E7 /* ReadHealthKit */;
			targetProxy = 730ECAB0196CD097008F09E7 /* PBXContainerItemProxy */;
		};
/* End PBXTargetDependency section */

/* Begin PBXVariantGroup section */
		730ECAA6196CD097008F09E7 /* Main.storyboard */ = {
			isa = PBXVariantGroup;
			children = (
				730ECAA7196CD097008F09E7 /* Base */,
			);
			name = Main.storyboard;
			sourceTree = "<group>";
		};
/* End PBXVariantGroup section */

/* Begin XCBuildConfiguration section */
		730ECAB7196CD097008F09E7 /* Debug */ = {
			isa = XCBuildConfiguration;
			buildSettings = {
				ALWAYS_SEARCH_USER_PATHS = NO;
				CLANG_CXX_LANGUAGE_STANDARD = "gnu++0x";
				CLANG_CXX_LIBRARY = "libc++";
				CLANG_ENABLE_MODULES = YES;
				CLANG_ENABLE_OBJC_ARC = YES;
				CLANG_WARN_BOOL_CONVERSION = YES;
				CLANG_WARN_CONSTANT_CONVERSION = YES;
				CLANG_WARN_DIRECT_OBJC_ISA_USAGE = YES_ERROR;
				CLANG_WARN_EMPTY_BODY = YES;
				CLANG_WARN_ENUM_CONVERSION = YES;
				CLANG_WARN_INT_CONVERSION = YES;
				CLANG_WARN_OBJC_ROOT_CLASS = YES_ERROR;
				CLANG_WARN_UNREACHABLE_CODE = YES;
				CLANG_WARN__DUPLICATE_METHOD_MATCH = YES;
				"CODE_SIGN_IDENTITY[sdk=iphoneos*]" = "iPhone Developer";
				COPY_PHASE_STRIP = NO;
				ENABLE_STRICT_OBJC_MSGSEND = YES;
				GCC_C_LANGUAGE_STANDARD = gnu99;
				GCC_DYNAMIC_NO_PIC = NO;
				GCC_OPTIMIZATION_LEVEL = 0;
				GCC_PREPROCESSOR_DEFINITIONS = (
					"DEBUG=1",
					"$(inherited)",
				);
				GCC_SYMBOLS_PRIVATE_EXTERN = NO;
				GCC_WARN_64_TO_32_BIT_CONVERSION = YES;
				GCC_WARN_ABOUT_RETURN_TYPE = YES_ERROR;
				GCC_WARN_UNDECLARED_SELECTOR = YES;
				GCC_WARN_UNINITIALIZED_AUTOS = YES_AGGRESSIVE;
				GCC_WARN_UNUSED_FUNCTION = YES;
				GCC_WARN_UNUSED_VARIABLE = YES;
				IPHONEOS_DEPLOYMENT_TARGET = 8.0;
				MTL_ENABLE_DEBUG_INFO = YES;
				ONLY_ACTIVE_ARCH = YES;
				SDKROOT = iphoneos;
			};
			name = Debug;
		};
		730ECAB8196CD097008F09E7 /* Release */ = {
			isa = XCBuildConfiguration;
			buildSettings = {
				ALWAYS_SEARCH_USER_PATHS = NO;
				CLANG_CXX_LANGUAGE_STANDARD = "gnu++0x";
				CLANG_CXX_LIBRARY = "libc++";
				CLANG_ENABLE_MODULES = YES;
				CLANG_ENABLE_OBJC_ARC = YES;
				CLANG_WARN_BOOL_CONVERSION = YES;
				CLANG_WARN_CONSTANT_CONVERSION = YES;
				CLANG_WARN_DIRECT_OBJC_ISA_USAGE = YES_ERROR;
				CLANG_WARN_EMPTY_BODY = YES;
				CLANG_WARN_ENUM_CONVERSION = YES;
				CLANG_WARN_INT_CONVERSION = YES;
				CLANG_WARN_OBJC_ROOT_CLASS = YES_ERROR;
				CLANG_WARN_UNREACHABLE_CODE = YES;
				CLANG_WARN__DUPLICATE_METHOD_MATCH = YES;
				"CODE_SIGN_IDENTITY[sdk=iphoneos*]" = "iPhone Developer";
				COPY_PHASE_STRIP = YES;
				ENABLE_NS_ASSERTIONS = NO;
				ENABLE_STRICT_OBJC_MSGSEND = YES;
				GCC_C_LANGUAGE_STANDARD = gnu99;
				GCC_WARN_64_TO_32_BIT_CONVERSION = YES;
				GCC_WARN_ABOUT_RETURN_TYPE = YES_ERROR;
				GCC_WARN_UNDECLARED_SELECTOR = YES;
				GCC_WARN_UNINITIALIZED_AUTOS = YES_AGGRESSIVE;
				GCC_WARN_UNUSED_FUNCTION = YES;
				GCC_WARN_UNUSED_VARIABLE = YES;
				IPHONEOS_DEPLOYMENT_TARGET = 8.0;
				MTL_ENABLE_DEBUG_INFO = NO;
				SDKROOT = iphoneos;
				VALIDATE_PRODUCT = YES;
			};
			name = Release;
		};
		730ECABA196CD097008F09E7 /* Debug */ = {
			isa = XCBuildConfiguration;
			baseConfigurationReference = 5520B19D7A9A4E6EA45C440A /* Pods-ReadHealthKit.xcconfig */;
			buildSettings = {
				ASSETCATALOG_COMPILER_APPICON_NAME = AppIcon;
				ASSETCATALOG_COMPILER_LAUNCHIMAGE_NAME = LaunchImage;
				CODE_SIGN_ENTITLEMENTS = ReadHealthKitTests/ReadHealthKit.entitlements;
				CODE_SIGN_IDENTITY = "iPhone Developer";
				"CODE_SIGN_IDENTITY[sdk=iphoneos*]" = "iPhone Developer";
				INFOPLIST_FILE = ReadHealthKit/Info.plist;
				LD_RUNPATH_SEARCH_PATHS = "$(inherited) @executable_path/Frameworks";
				PRODUCT_NAME = "$(TARGET_NAME)";
				PROVISIONING_PROFILE = "";
				USER_HEADER_SEARCH_PATHS = "\"${PROJECT_DIR}/Pods\"/**";
			};
			name = Debug;
		};
		730ECABB196CD097008F09E7 /* Release */ = {
			isa = XCBuildConfiguration;
			baseConfigurationReference = 5520B19D7A9A4E6EA45C440A /* Pods-ReadHealthKit.xcconfig */;
			buildSettings = {
				ASSETCATALOG_COMPILER_APPICON_NAME = AppIcon;
				ASSETCATALOG_COMPILER_LAUNCHIMAGE_NAME = LaunchImage;
				CODE_SIGN_ENTITLEMENTS = ReadHealthKitTests/ReadHealthKit.entitlements;
				CODE_SIGN_IDENTITY = "iPhone Developer";
				"CODE_SIGN_IDENTITY[sdk=iphoneos*]" = "iPhone Developer";
				INFOPLIST_FILE = ReadHealthKit/Info.plist;
				LD_RUNPATH_SEARCH_PATHS = "$(inherited) @executable_path/Frameworks";
				PRODUCT_NAME = "$(TARGET_NAME)";
				PROVISIONING_PROFILE = "";
				USER_HEADER_SEARCH_PATHS = "\"${PROJECT_DIR}/Pods\"/**";
			};
			name = Release;
		};
		730ECABD196CD097008F09E7 /* Debug */ = {
			isa = XCBuildConfiguration;
			buildSettings = {
				BUNDLE_LOADER = "$(BUILT_PRODUCTS_DIR)/ReadHealthKit.app/ReadHealthKit";
				FRAMEWORK_SEARCH_PATHS = (
					"$(SDKROOT)/Developer/Library/Frameworks",
					"$(inherited)",
				);
				GCC_PREPROCESSOR_DEFINITIONS = (
					"DEBUG=1",
					"$(inherited)",
				);
				INFOPLIST_FILE = ReadHealthKitTests/Info.plist;
				LD_RUNPATH_SEARCH_PATHS = "$(inherited) @executable_path/Frameworks @loader_path/Frameworks";
				PRODUCT_NAME = "$(TARGET_NAME)";
				TEST_HOST = "$(BUNDLE_LOADER)";
			};
			name = Debug;
		};
		730ECABE196CD097008F09E7 /* Release */ = {
			isa = XCBuildConfiguration;
			buildSettings = {
				BUNDLE_LOADER = "$(BUILT_PRODUCTS_DIR)/ReadHealthKit.app/ReadHealthKit";
				FRAMEWORK_SEARCH_PATHS = (
					"$(SDKROOT)/Developer/Library/Frameworks",
					"$(inherited)",
				);
				INFOPLIST_FILE = ReadHealthKitTests/Info.plist;
				LD_RUNPATH_SEARCH_PATHS = "$(inherited) @executable_path/Frameworks @loader_path/Frameworks";
				PRODUCT_NAME = "$(TARGET_NAME)";
				TEST_HOST = "$(BUNDLE_LOADER)";
			};
			name = Release;
		};
/* End XCBuildConfiguration section */

/* Begin XCConfigurationList section */
		730ECA91196CD097008F09E7 /* Build configuration list for PBXProject "ReadHealthKit" */ = {
			isa = XCConfigurationList;
			buildConfigurations = (
				730ECAB7196CD097008F09E7 /* Debug */,
				730ECAB8196CD097008F09E7 /* Release */,
			);
			defaultConfigurationIsVisible = 0;
			defaultConfigurationName = Release;
		};
		730ECAB9196CD097008F09E7 /* Build configuration list for PBXNativeTarget "ReadHealthKit" */ = {
			isa = XCConfigurationList;
			buildConfigurations = (
				730ECABA196CD097008F09E7 /* Debug */,
				730ECABB196CD097008F09E7 /* Release */,
			);
			defaultConfigurationIsVisible = 0;
			defaultConfigurationName = Release;
		};
		730ECABC196CD097008F09E7 /* Build configuration list for PBXNativeTarget "ReadHealthKitTests" */ = {
			isa = XCConfigurationList;
			buildConfigurations = (
				730ECABD196CD097008F09E7 /* Debug */,
				730ECABE196CD097008F09E7 /* Release */,
			);
			defaultConfigurationIsVisible = 0;
			defaultConfigurationName = Release;
		};
/* End XCConfigurationList section */
	};
	rootObject = 730ECA8E196CD097008F09E7 /* Project object */;
}
